
Microsoft Visual Studio Solution File, Format Version 12.00
# Visual Studio Version 17
VisualStudioVersion = 17.5.33516.290
MinimumVisualStudioVersion = 10.0.40219.1
Project("{FAE04EC0-301F-11D3-BF4B-00C04F79EFBC}") = "Assign1-n01472554", "Assign1-n01472554\Assign1-n01472554.csproj", "{167C2C9B-632A-4EBE-A4C2-59E5223A981A}"
EndProject
Global
	GlobalSection(SolutionConfigurationPlatforms) = preSolution
		Debug|Any CPU = Debug|Any CPU
		Release|Any CPU = Release|Any CPU
	EndGlobalSection
	GlobalSection(ProjectConfigurationPlatforms) = postSolution
		{167C2C9B-632A-4EBE-A4C2-59E5223A981A}.Debug|Any CPU.ActiveCfg = Debug|Any CPU
		{167C2C9B-632A-4EBE-A4C2-59E5223A981A}.Debug|Any CPU.Build.0 = Debug|Any CPU
		{167C2C9B-632A-4EBE-A4C2-59E5223A981A}.Release|Any CPU.ActiveCfg = Release|Any CPU
		{167C2C9B-632A-4EBE-A4C2-59E5223A981A}.Release|Any CPU.Build.0 = Release|Any CPU
	EndGlobalSection
	GlobalSection(SolutionProperties) = preSolution
		HideSolutionNode = FALSE
	EndGlobalSection
	GlobalSection(ExtensibilityGlobals) = postSolution
		SolutionGuid = {20FADCD1-EF73-42E0-92B4-51CD35B7E0E6}
	EndGlobalSection
EndGlobal
