
Microsoft Visual Studio Solution File, Format Version 12.00
# Visual Studio Version 17
VisualStudioVersion = 17.5.33516.290
MinimumVisualStudioVersion = 10.0.40219.1
Project("{FAE04EC0-301F-11D3-BF4B-00C04F79EFBC}") = "Assign2-n01472554", "Assign2-n01472554\Assign2-n01472554.csproj", "{195384CB-C194-4343-B0B7-3BE6D051A102}"
EndProject
Global
	GlobalSection(SolutionConfigurationPlatforms) = preSolution
		Debug|Any CPU = Debug|Any CPU
		Release|Any CPU = Release|Any CPU
	EndGlobalSection
	GlobalSection(ProjectConfigurationPlatforms) = postSolution
		{195384CB-C194-4343-B0B7-3BE6D051A102}.Debug|Any CPU.ActiveCfg = Debug|Any CPU
		{195384CB-C194-4343-B0B7-3BE6D051A102}.Debug|Any CPU.Build.0 = Debug|Any CPU
		{195384CB-C194-4343-B0B7-3BE6D051A102}.Release|Any CPU.ActiveCfg = Release|Any CPU
		{195384CB-C194-4343-B0B7-3BE6D051A102}.Release|Any CPU.Build.0 = Release|Any CPU
	EndGlobalSection
	GlobalSection(SolutionProperties) = preSolution
		HideSolutionNode = FALSE
	EndGlobalSection
	GlobalSection(ExtensibilityGlobals) = postSolution
		SolutionGuid = {C6DA354E-0351-49EC-9E4D-093702353183}
	EndGlobalSection
EndGlobal
